dependencies:
- name: mongodb
  repository: https://raw.githubusercontent.com/bitnami/charts/pre-2022/bitnami
  version: 10.31.5
- name: users
  repository: ""
  version: 0.x.x
- name: movies
  repository: ""
  version: 0.x.x
- name: showtimes
  repository: ""
  version: 0.x.x
- name: bookings
  repository: ""
  version: 0.x.x
- name: website
  repository: ""
  version: 0.x.x
digest: sha256:da280e85afe5e0f3bd6fed315fd84b7dd7cc894fa4a95a8412466a3e9efe6e65
generated: "2023-01-15T18:20:22.621220399+01:00"
